
Microsoft Visual Studio Solution File, Format Version 12.00
# Visual Studio Version 17
VisualStudioVersion = 17.14.36908.2 d17.14
MinimumVisualStudioVersion = 10.0.40219.1
Project("{FAE04EC0-301F-11D3-BF4B-00C04F79EFBC}") = "LabWebAPI", "LabWebAPI\LabWebAPI.csproj", "{4232FA1F-E706-4551-9598-28A5335B91C5}"
EndProject
Global
	GlobalSection(SolutionConfigurationPlatforms) = preSolution
		Debug|Any CPU = Debug|Any CPU
		Release|Any CPU = Release|Any CPU
	EndGlobalSection
	GlobalSection(ProjectConfigurationPlatforms) = postSolution
		{4232FA1F-E706-4551-9598-28A5335B91C5}.Debug|Any CPU.ActiveCfg = Debug|Any CPU
		{4232FA1F-E706-4551-9598-28A5335B91C5}.Debug|Any CPU.Build.0 = Debug|Any CPU
		{4232FA1F-E706-4551-9598-28A5335B91C5}.Release|Any CPU.ActiveCfg = Release|Any CPU
		{4232FA1F-E706-4551-9598-28A5335B91C5}.Release|Any CPU.Build.0 = Release|Any CPU
	EndGlobalSection
	GlobalSection(SolutionProperties) = preSolution
		HideSolutionNode = FALSE
	EndGlobalSection
	GlobalSection(ExtensibilityGlobals) = postSolution
		SolutionGuid = {7E3865FA-1729-44CE-9873-7B211310AEBC}
	EndGlobalSection
EndGlobal
