
Microsoft Visual Studio Solution File, Format Version 12.00
# Visual Studio Version 17
VisualStudioVersion = 17.14.36908.2 d17.14
MinimumVisualStudioVersion = 10.0.40219.1
Project("{FAE04EC0-301F-11D3-BF4B-00C04F79EFBC}") = "LabwebApi", "LabwebApi\LabwebApi.csproj", "{59936EC0-C5E2-47BA-83FB-1CF7AA06F3D7}"
EndProject
Global
	GlobalSection(SolutionConfigurationPlatforms) = preSolution
		Debug|Any CPU = Debug|Any CPU
		Release|Any CPU = Release|Any CPU
	EndGlobalSection
	GlobalSection(ProjectConfigurationPlatforms) = postSolution
		{59936EC0-C5E2-47BA-83FB-1CF7AA06F3D7}.Debug|Any CPU.ActiveCfg = Debug|Any CPU
		{59936EC0-C5E2-47BA-83FB-1CF7AA06F3D7}.Debug|Any CPU.Build.0 = Debug|Any CPU
		{59936EC0-C5E2-47BA-83FB-1CF7AA06F3D7}.Release|Any CPU.ActiveCfg = Release|Any CPU
		{59936EC0-C5E2-47BA-83FB-1CF7AA06F3D7}.Release|Any CPU.Build.0 = Release|Any CPU
	EndGlobalSection
	GlobalSection(SolutionProperties) = preSolution
		HideSolutionNode = FALSE
	EndGlobalSection
	GlobalSection(ExtensibilityGlobals) = postSolution
		SolutionGuid = {2B96353C-22AA-4550-AD7F-F14B340A778A}
	EndGlobalSection
EndGlobal
